// !$*UTF8*$!
{
	archiveVersion = 1;
	classes = {
	};
	objectVersion = 46;
	objects = {

/* Begin PBXBuildFile section */
		162F28C919FDDD780043C638 /* main.m in Sources */ = {isa = PBXBuildFile; fileRef = 162F28C819FDDD780043C638 /* main.m */; };
		162F28CC19FDDD780043C638 /* AppDelegate.m in Sources */ = {isa = PBXBuildFile; fileRef = 162F28CB19FDDD780043C638 /* AppDelegate.m */; };
		162F28D419FDDD780043C638 /* Images.xcassets in Resources */ = {isa = PBXBuildFile; fileRef = 162F28D319FDDD780043C638 /* Images.xcassets */; };
		162F28D719FDDD780043C638 /* LaunchScreen.xib in Resources */ = {isa = PBXBuildFile; fileRef = 162F28D519FDDD780043C638 /* LaunchScreen.xib */; };
		16523A321A94B35B0056D6B2 /* QuestionGroupPresenter.m in Sources */ = {isa = PBXBuildFile; fileRef = 16523A311A94B35B0056D6B2 /* QuestionGroupPresenter.m */; };
		16523A361A94B6460056D6B2 /* QuestionDetailCell.m in Sources */ = {isa = PBXBuildFile; fileRef = 16523A351A94B6460056D6B2 /* QuestionDetailCell.m */; };
		16523A381A94B65A0056D6B2 /* QuestionDetailCell.xib in Resources */ = {isa = PBXBuildFile; fileRef = 16523A371A94B65A0056D6B2 /* QuestionDetailCell.xib */; };
		166A99CF1A958BBA00283F66 /* ThemeInfo.m in Sources */ = {isa = PBXBuildFile; fileRef = 166A99CE1A958BBA00283F66 /* ThemeInfo.m */; };
		166A99D31A9590BC00283F66 /* ThemeGroupPresenter.m in Sources */ = {isa = PBXBuildFile; fileRef = 166A99D21A9590BC00283F66 /* ThemeGroupPresenter.m */; };
		166A99D81A95986200283F66 /* ThemeChoiceCell.m in Sources */ = {isa = PBXBuildFile; fileRef = 166A99D61A95986200283F66 /* ThemeChoiceCell.m */; };
		166A99D91A95986200283F66 /* ThemeChoiceCell.xib in Resources */ = {isa = PBXBuildFile; fileRef = 166A99D71A95986200283F66 /* ThemeChoiceCell.xib */; };
		166A99DE1A95A24D00283F66 /* ThemeSettingCell.m in Sources */ = {isa = PBXBuildFile; fileRef = 166A99DC1A95A24D00283F66 /* ThemeSettingCell.m */; };
		166A99DF1A95A24D00283F66 /* ThemeSettingCell.xib in Resources */ = {isa = PBXBuildFile; fileRef = 166A99DD1A95A24D00283F66 /* ThemeSettingCell.xib */; };
		166A99E21A95ABE200283F66 /* ConfigurationPresenter.m in Sources */ = {isa = PBXBuildFile; fileRef = 166A99E11A95ABE200283F66 /* ConfigurationPresenter.m */; };
		166A99E51A95C05C00283F66 /* AssemblingFactoryTests.m in Sources */ = {isa = PBXBuildFile; fileRef = 166A99E41A95C05C00283F66 /* AssemblingFactoryTests.m */; };
		166A99E81A95C44300283F66 /* AskQuestionViewControllerTests.m in Sources */ = {isa = PBXBuildFile; fileRef = 166A99E71A95C44300283F66 /* AskQuestionViewControllerTests.m */; };
		166A99EA1A95CCE000283F66 /* libOCMock.a in Frameworks */ = {isa = PBXBuildFile; fileRef = 166A99E91A95CCE000283F66 /* libOCMock.a */; };
		166A99ED1A95D69500283F66 /* AskQuestionPanelPresenterTests.m in Sources */ = {isa = PBXBuildFile; fileRef = 166A99EC1A95D69500283F66 /* AskQuestionPanelPresenterTests.m */; };
		166A99F01A95DC5E00283F66 /* QuestionRobotInteractorTests.m in Sources */ = {isa = PBXBuildFile; fileRef = 166A99EF1A95DC5E00283F66 /* QuestionRobotInteractorTests.m */; };
		16E421DD1A92DACC00621970 /* Question.storyboard in Resources */ = {isa = PBXBuildFile; fileRef = 16E421DF1A92DACC00621970 /* Question.storyboard */; };
		16E421E01A92DAD100621970 /* Setting.storyboard in Resources */ = {isa = PBXBuildFile; fileRef = 16E421E21A92DAD100621970 /* Setting.storyboard */; };
		16E421E91A92DC0400621970 /* AssemblingFactory.m in Sources */ = {isa = PBXBuildFile; fileRef = 16E421E41A92DC0400621970 /* AssemblingFactory.m */; };
		16E421EA1A92DC0400621970 /* PageMessenger.m in Sources */ = {isa = PBXBuildFile; fileRef = 16E421E61A92DC0400621970 /* PageMessenger.m */; };
		16E421EB1A92DC0400621970 /* Wireframe.m in Sources */ = {isa = PBXBuildFile; fileRef = 16E421E81A92DC0400621970 /* Wireframe.m */; };
		16E421F21A92DC1400621970 /* BaseViewController.m in Sources */ = {isa = PBXBuildFile; fileRef = 16E421ED1A92DC1400621970 /* BaseViewController.m */; };
		16E421FD1A92DC3200621970 /* BasePresenter.m in Sources */ = {isa = PBXBuildFile; fileRef = 16E421F81A92DC3200621970 /* BasePresenter.m */; };
		16E422051A92DC5500621970 /* NSString+Utility.m in Sources */ = {isa = PBXBuildFile; fileRef = 16E422041A92DC5500621970 /* NSString+Utility.m */; };
		16E422081A92DC6900621970 /* Config.m in Sources */ = {isa = PBXBuildFile; fileRef = 16E422071A92DC6900621970 /* Config.m */; };
		16E4220B1A92DE5D00621970 /* AskQuestionViewController.m in Sources */ = {isa = PBXBuildFile; fileRef = 16E4220A1A92DE5D00621970 /* AskQuestionViewController.m */; };
		16E4220E1A92DE7300621970 /* QuestionHistoryViewController.m in Sources */ = {isa = PBXBuildFile; fileRef = 16E4220D1A92DE7300621970 /* QuestionHistoryViewController.m */; };
		16E422111A92DE8300621970 /* SettingViewController.m in Sources */ = {isa = PBXBuildFile; fileRef = 16E422101A92DE8300621970 /* SettingViewController.m */; };
		16E422141A92F29300621970 /* MenuPanelView.m in Sources */ = {isa = PBXBuildFile; fileRef = 16E422131A92F29300621970 /* MenuPanelView.m */; };
		16E422161A92F2B100621970 /* MenuPanelView.xib in Resources */ = {isa = PBXBuildFile; fileRef = 16E422151A92F2B100621970 /* MenuPanelView.xib */; };
		16E422191A92F90200621970 /* NavigationPresenter.m in Sources */ = {isa = PBXBuildFile; fileRef = 16E422181A92F90200621970 /* NavigationPresenter.m */; };
		16EC62431A942C850016DA24 /* Viper.xcdatamodeld in Sources */ = {isa = PBXBuildFile; fileRef = 16EC62411A942C850016DA24 /* Viper.xcdatamodeld */; };
		16EC62471A942DEE0016DA24 /* Question.m in Sources */ = {isa = PBXBuildFile; fileRef = 16EC62461A942DEE0016DA24 /* Question.m */; };
		16EC624A1A942DEE0016DA24 /* Answer.m in Sources */ = {isa = PBXBuildFile; fileRef = 16EC62491A942DEE0016DA24 /* Answer.m */; };
		16EC628C1A942E640016DA24 /* MagicalImportFunctions.m in Sources */ = {isa = PBXBuildFile; fileRef = 16EC62501A942E630016DA24 /* MagicalImportFunctions.m */; };
		16EC628D1A942E640016DA24 /* NSAttributeDescription+MagicalDataImport.m in Sources */ = {isa = PBXBuildFile; fileRef = 16EC62521A942E630016DA24 /* NSAttributeDescription+MagicalDataImport.m */; };
		16EC628E1A942E640016DA24 /* NSEntityDescription+MagicalDataImport.m in Sources */ = {isa = PBXBuildFile; fileRef = 16EC62541A942E630016DA24 /* NSEntityDescription+MagicalDataImport.m */; };
		16EC628F1A942E640016DA24 /* NSNumber+MagicalDataImport.m in Sources */ = {isa = PBXBuildFile; fileRef = 16EC62561A942E640016DA24 /* NSNumber+MagicalDataImport.m */; };
		16EC62901A942E640016DA24 /* NSObject+MagicalDataImport.m in Sources */ = {isa = PBXBuildFile; fileRef = 16EC62581A942E640016DA24 /* NSObject+MagicalDataImport.m */; };
		16EC62911A942E640016DA24 /* NSRelationshipDescription+MagicalDataImport.m in Sources */ = {isa = PBXBuildFile; fileRef = 16EC625A1A942E640016DA24 /* NSRelationshipDescription+MagicalDataImport.m */; };
		16EC62921A942E640016DA24 /* NSString+MagicalDataImport.m in Sources */ = {isa = PBXBuildFile; fileRef = 16EC625C1A942E640016DA24 /* NSString+MagicalDataImport.m */; };
		16EC62931A942E640016DA24 /* NSManagedObject+MagicalAggregation.m in Sources */ = {isa = PBXBuildFile; fileRef = 16EC625F1A942E640016DA24 /* NSManagedObject+MagicalAggregation.m */; };
		16EC62941A942E640016DA24 /* NSManagedObject+MagicalDataImport.m in Sources */ = {isa = PBXBuildFile; fileRef = 16EC62611A942E640016DA24 /* NSManagedObject+MagicalDataImport.m */; };
		16EC62951A942E640016DA24 /* NSManagedObject+MagicalFinders.m in Sources */ = {isa = PBXBuildFile; fileRef = 16EC62631A942E640016DA24 /* NSManagedObject+MagicalFinders.m */; };
		16EC62961A942E640016DA24 /* NSManagedObject+MagicalRecord.m in Sources */ = {isa = PBXBuildFile; fileRef = 16EC62651A942E640016DA24 /* NSManagedObject+MagicalRecord.m */; };
		16EC62971A942E640016DA24 /* NSManagedObject+MagicalRequests.m in Sources */ = {isa = PBXBuildFile; fileRef = 16EC62671A942E640016DA24 /* NSManagedObject+MagicalRequests.m */; };
		16EC62981A942E640016DA24 /* NSManagedObjectContext+MagicalChainSave.m in Sources */ = {isa = PBXBuildFile; fileRef = 16EC626A1A942E640016DA24 /* NSManagedObjectContext+MagicalChainSave.m */; };
		16EC62991A942E640016DA24 /* NSManagedObjectContext+MagicalObserving.m in Sources */ = {isa = PBXBuildFile; fileRef = 16EC626C1A942E640016DA24 /* NSManagedObjectContext+MagicalObserving.m */; };
		16EC629A1A942E640016DA24 /* NSManagedObjectContext+MagicalRecord.m in Sources */ = {isa = PBXBuildFile; fileRef = 16EC626E1A942E640016DA24 /* NSManagedObjectContext+MagicalRecord.m */; };
		16EC629B1A942E640016DA24 /* NSManagedObjectContext+MagicalSaves.m in Sources */ = {isa = PBXBuildFile; fileRef = 16EC62701A942E640016DA24 /* NSManagedObjectContext+MagicalSaves.m */; };
		16EC629C1A942E640016DA24 /* NSManagedObjectContext+MagicalThreading.m in Sources */ = {isa = PBXBuildFile; fileRef = 16EC62721A942E640016DA24 /* NSManagedObjectContext+MagicalThreading.m */; };
		16EC629D1A942E640016DA24 /* NSManagedObjectModel+MagicalRecord.m in Sources */ = {isa = PBXBuildFile; fileRef = 16EC62741A942E640016DA24 /* NSManagedObjectModel+MagicalRecord.m */; };
		16EC629E1A942E640016DA24 /* NSPersistentStore+MagicalRecord.m in Sources */ = {isa = PBXBuildFile; fileRef = 16EC62761A942E640016DA24 /* NSPersistentStore+MagicalRecord.m */; };
		16EC629F1A942E640016DA24 /* NSPersistentStoreCoordinator+MagicalRecord.m in Sources */ = {isa = PBXBuildFile; fileRef = 16EC62781A942E640016DA24 /* NSPersistentStoreCoordinator+MagicalRecord.m */; };
		16EC62A01A942E640016DA24 /* MagicalRecord+Actions.m in Sources */ = {isa = PBXBuildFile; fileRef = 16EC627B1A942E640016DA24 /* MagicalRecord+Actions.m */; };
		16EC62A11A942E640016DA24 /* MagicalRecord+ErrorHandling.m in Sources */ = {isa = PBXBuildFile; fileRef = 16EC627D1A942E640016DA24 /* MagicalRecord+ErrorHandling.m */; };
		16EC62A21A942E640016DA24 /* MagicalRecord+iCloud.m in Sources */ = {isa = PBXBuildFile; fileRef = 16EC627F1A942E640016DA24 /* MagicalRecord+iCloud.m */; };
		16EC62A31A942E640016DA24 /* MagicalRecord+Options.m in Sources */ = {isa = PBXBuildFile; fileRef = 16EC62811A942E640016DA24 /* MagicalRecord+Options.m */; };
		16EC62A41A942E640016DA24 /* MagicalRecord+Setup.m in Sources */ = {isa = PBXBuildFile; fileRef = 16EC62831A942E640016DA24 /* MagicalRecord+Setup.m */; };
		16EC62A51A942E640016DA24 /* MagicalRecord+ShorthandSupport.m in Sources */ = {isa = PBXBuildFile; fileRef = 16EC62851A942E640016DA24 /* MagicalRecord+ShorthandSupport.m */; };
		16EC62A61A942E640016DA24 /* MagicalRecord.m in Sources */ = {isa = PBXBuildFile; fileRef = 16EC62871A942E640016DA24 /* MagicalRecord.m */; };
		16EC62AA1A9432F60016DA24 /* AskQuestionPanelPresenter.m in Sources */ = {isa = PBXBuildFile; fileRef = 16EC62A91A9432F60016DA24 /* AskQuestionPanelPresenter.m */; };
		16EC62AF1A9434080016DA24 /* AnswerInfo.m in Sources */ = {isa = PBXBuildFile; fileRef = 16EC62AE1A9434080016DA24 /* AnswerInfo.m */; };
		16EC62B31A9437B50016DA24 /* QuestionRobotInteractor.m in Sources */ = {isa = PBXBuildFile; fileRef = 16EC62B21A9437B50016DA24 /* QuestionRobotInteractor.m */; };
		16EC62B71A9438590016DA24 /* Question+DataManager.m in Sources */ = {isa = PBXBuildFile; fileRef = 16EC62B61A9438590016DA24 /* Question+DataManager.m */; };
		16EC62BB1A943EF50016DA24 /* Question+Utility.m in Sources */ = {isa = PBXBuildFile; fileRef = 16EC62BA1A943EF50016DA24 /* Question+Utility.m */; };
		16EC62BE1A943F080016DA24 /* QuestionInfo.m in Sources */ = {isa = PBXBuildFile; fileRef = 16EC62BD1A943F080016DA24 /* QuestionInfo.m */; };
		16EC62C11A94438C0016DA24 /* Answer+Utility.m in Sources */ = {isa = PBXBuildFile; fileRef = 16EC62C01A94438C0016DA24 /* Answer+Utility.m */; };
		16EC62C41A9445550016DA24 /* NSArray+Utility.m in Sources */ = {isa = PBXBuildFile; fileRef = 16EC62C31A9445550016DA24 /* NSArray+Utility.m */; };
		16EECE9C1A737C5200CC90A4 /* README.md in Sources */ = {isa = PBXBuildFile; fileRef = 16EECE9B1A737C5200CC90A4 /* README.md */; };
		16EECE9F1A73884600CC90A4 /* RoutingSequence.png in Resources */ = {isa = PBXBuildFile; fileRef = 16EECE9E1A73884600CC90A4 /* RoutingSequence.png */; };
/* End PBXBuildFile section */

/* Begin PBXContainerItemProxy section */
		162F28DD19FDDD780043C638 /* PBXContainerItemProxy */ = {
			isa = PBXContainerItemProxy;
			containerPortal = 162F28BB19FDDD780043C638 /* Project object */;
			proxyType = 1;
			remoteGlobalIDString = 162F28C219FDDD780043C638;
			remoteInfo = DemoVIPER;
		};
/* End PBXContainerItemProxy section */

/* Begin PBXFileReference section */
		162F28C319FDDD780043C638 /* DemoVIPER.app */ = {isa = PBXFileReference; explicitFileType = wrapper.application; includeInIndex = 0; path = DemoVIPER.app; sourceTree = BUILT_PRODUCTS_DIR; };
		162F28C719FDDD780043C638 /* Info.plist */ = {isa = PBXFileReference; lastKnownFileType = text.plist.xml; path = Info.plist; sourceTree = "<group>"; };
		162F28C819FDDD780043C638 /* main.m */ = {isa = PBXFileReference; lastKnownFileType = sourcecode.c.objc; path = main.m; sourceTree = "<group>"; };
		162F28CA19FDDD780043C638 /* AppDelegate.h */ = {isa = PBXFileReference; lastKnownFileType = sourcecode.c.h; path = AppDelegate.h; sourceTree = "<group>"; };
		162F28CB19FDDD780043C638 /* AppDelegate.m */ = {isa = PBXFileReference; lastKnownFileType = sourcecode.c.objc; path = AppDelegate.m; sourceTree = "<group>"; };
		162F28D319FDDD780043C638 /* Images.xcassets */ = {isa = PBXFileReference; lastKnownFileType = folder.assetcatalog; path = Images.xcassets; sourceTree = "<group>"; };
		162F28D619FDDD780043C638 /* Base */ = {isa = PBXFileReference; lastKnownFileType = file.xib; name = Base; path = Base.lproj/LaunchScreen.xib; sourceTree = "<group>"; };
		162F28DC19FDDD780043C638 /* DemoVIPERTests.xctest */ = {isa = PBXFileReference; explicitFileType = wrapper.cfbundle; includeInIndex = 0; path = DemoVIPERTests.xctest; sourceTree = BUILT_PRODUCTS_DIR; };
		162F28E119FDDD780043C638 /* Info.plist */ = {isa = PBXFileReference; lastKnownFileType = text.plist.xml; path = Info.plist; sourceTree = "<group>"; };
		16523A301A94B35B0056D6B2 /* QuestionGroupPresenter.h */ = {isa = PBXFileReference; fileEncoding = 4; lastKnownFileType = sourcecode.c.h; name = QuestionGroupPresenter.h; path = Classes/Presenters/QuestionGroupPresenter.h; sourceTree = "<group>"; };
		16523A311A94B35B0056D6B2 /* QuestionGroupPresenter.m */ = {isa = PBXFileReference; fileEncoding = 4; lastKnownFileType = sourcecode.c.objc; name = QuestionGroupPresenter.m; path = Classes/Presenters/QuestionGroupPresenter.m; sourceTree = "<group>"; };
		16523A341A94B6460056D6B2 /* QuestionDetailCell.h */ = {isa = PBXFileReference; fileEncoding = 4; lastKnownFileType = sourcecode.c.h; name = QuestionDetailCell.h; path = Classes/Views/QuestionDetailCell.h; sourceTree = "<group>"; };
		16523A351A94B6460056D6B2 /* QuestionDetailCell.m */ = {isa = PBXFileReference; fileEncoding = 4; lastKnownFileType = sourcecode.c.objc; name = QuestionDetailCell.m; path = Classes/Views/QuestionDetailCell.m; sourceTree = "<group>"; };
		16523A371A94B65A0056D6B2 /* QuestionDetailCell.xib */ = {isa = PBXFileReference; fileEncoding = 4; lastKnownFileType = file.xib; name = QuestionDetailCell.xib; path = Classes/Views/QuestionDetailCell.xib; sourceTree = "<group>"; };
		166A99CD1A958BBA00283F66 /* ThemeInfo.h */ = {isa = PBXFileReference; fileEncoding = 4; lastKnownFileType = sourcecode.c.h; name = ThemeInfo.h; path = Classes/DTO/ThemeInfo.h; sourceTree = "<group>"; };
		166A99CE1A958BBA00283F66 /* ThemeInfo.m */ = {isa = PBXFileReference; fileEncoding = 4; lastKnownFileType = sourcecode.c.objc; name = ThemeInfo.m; path = Classes/DTO/ThemeInfo.m; sourceTree = "<group>"; };
		166A99D01A958C5A00283F66 /* ThemeListInterface.h */ = {isa = PBXFileReference; fileEncoding = 4; lastKnownFileType = sourcecode.c.h; name = ThemeListInterface.h; path = Classes/ViewInterfaces/ThemeListInterface.h; sourceTree = "<group>"; };
		166A99D11A9590BC00283F66 /* ThemeGroupPresenter.h */ = {isa = PBXFileReference; fileEncoding = 4; lastKnownFileType = sourcecode.c.h; name = ThemeGroupPresenter.h; path = Classes/Presenters/ThemeGroupPresenter.h; sourceTree = "<group>"; };
		166A99D21A9590BC00283F66 /* ThemeGroupPresenter.m */ = {isa = PBXFileReference; fileEncoding = 4; lastKnownFileType = sourcecode.c.objc; name = ThemeGroupPresenter.m; path = Classes/Presenters/ThemeGroupPresenter.m; sourceTree = "<group>"; };
		166A99D51A95986200283F66 /* ThemeChoiceCell.h */ = {isa = PBXFileReference; fileEncoding = 4; lastKnownFileType = sourcecode.c.h; name = ThemeChoiceCell.h; path = Classes/Views/ThemeChoiceCell.h; sourceTree = "<group>"; };
		166A99D61A95986200283F66 /* ThemeChoiceCell.m */ = {isa = PBXFileReference; fileEncoding = 4; lastKnownFileType = sourcecode.c.objc; name = ThemeChoiceCell.m; path = Classes/Views/ThemeChoiceCell.m; sourceTree = "<group>"; };
		166A99D71A95986200283F66 /* ThemeChoiceCell.xib */ = {isa = PBXFileReference; fileEncoding = 4; lastKnownFileType = file.xib; name = ThemeChoiceCell.xib; path = Classes/Views/ThemeChoiceCell.xib; sourceTree = "<group>"; };
		166A99DB1A95A24D00283F66 /* ThemeSettingCell.h */ = {isa = PBXFileReference; fileEncoding = 4; lastKnownFileType = sourcecode.c.h; name = ThemeSettingCell.h; path = Classes/Views/ThemeSettingCell.h; sourceTree = "<group>"; };
		166A99DC1A95A24D00283F66 /* ThemeSettingCell.m */ = {isa = PBXFileReference; fileEncoding = 4; lastKnownFileType = sourcecode.c.objc; name = ThemeSettingCell.m; path = Classes/Views/ThemeSettingCell.m; sourceTree = "<group>"; };
		166A99DD1A95A24D00283F66 /* ThemeSettingCell.xib */ = {isa = PBXFileReference; fileEncoding = 4; lastKnownFileType = file.xib; name = ThemeSettingCell.xib; path = Classes/Views/ThemeSettingCell.xib; sourceTree = "<group>"; };
		166A99E01A95ABE200283F66 /* ConfigurationPresenter.h */ = {isa = PBXFileReference; fileEncoding = 4; lastKnownFileType = sourcecode.c.h; name = ConfigurationPresenter.h; path = Classes/Presenters/ConfigurationPresenter.h; sourceTree = "<group>"; };
		166A99E11A95ABE200283F66 /* ConfigurationPresenter.m */ = {isa = PBXFileReference; fileEncoding = 4; lastKnownFileType = sourcecode.c.objc; name = ConfigurationPresenter.m; path = Classes/Presenters/ConfigurationPresenter.m; sourceTree = "<group>"; };
		166A99E41A95C05C00283F66 /* AssemblingFactoryTests.m */ = {isa = PBXFileReference; fileEncoding = 4; lastKnownFileType = sourcecode.c.objc; path = AssemblingFactoryTests.m; sourceTree = "<group>"; };
		166A99E71A95C44300283F66 /* AskQuestionViewControllerTests.m */ = {isa = PBXFileReference; fileEncoding = 4; lastKnownFileType = sourcecode.c.objc; path = AskQuestionViewControllerTests.m; sourceTree = "<group>"; };
		166A99E91A95CCE000283F66 /* libOCMock.a */ = {isa = PBXFileReference; lastKnownFileType = archive.ar; name = libOCMock.a; path = OCMock/lib/libOCMock.a; sourceTree = "<group>"; };
		166A99EC1A95D69500283F66 /* AskQuestionPanelPresenterTests.m */ = {isa = PBXFileReference; fileEncoding = 4; lastKnownFileType = sourcecode.c.objc; path = AskQuestionPanelPresenterTests.m; sourceTree = "<group>"; };
		166A99EF1A95DC5E00283F66 /* QuestionRobotInteractorTests.m */ = {isa = PBXFileReference; fileEncoding = 4; lastKnownFileType = sourcecode.c.objc; path = QuestionRobotInteractorTests.m; sourceTree = "<group>"; };
		16E421DE1A92DACC00621970 /* Base */ = {isa = PBXFileReference; lastKnownFileType = file.storyboard; name = Base; path = Base.lproj/Question.storyboard; sourceTree = "<group>"; };
		16E421E11A92DAD100621970 /* Base */ = {isa = PBXFileReference; lastKnownFileType = file.storyboard; name = Base; path = Base.lproj/Setting.storyboard; sourceTree = "<group>"; };
		16E421E31A92DC0400621970 /* AssemblingFactory.h */ = {isa = PBXFileReference; fileEncoding = 4; lastKnownFileType = sourcecode.c.h; name = AssemblingFactory.h; path = Classes/Routing/AssemblingFactory.h; sourceTree = "<group>"; };
		16E421E41A92DC0400621970 /* AssemblingFactory.m */ = {isa = PBXFileReference; fileEncoding = 4; lastKnownFileType = sourcecode.c.objc; name = AssemblingFactory.m; path = Classes/Routing/AssemblingFactory.m; sourceTree = "<group>"; };
		16E421E51A92DC0400621970 /* PageMessenger.h */ = {isa = PBXFileReference; fileEncoding = 4; lastKnownFileType = sourcecode.c.h; name = PageMessenger.h; path = Classes/Routing/PageMessenger.h; sourceTree = "<group>"; };
		16E421E61A92DC0400621970 /* PageMessenger.m */ = {isa = PBXFileReference; fileEncoding = 4; lastKnownFileType = sourcecode.c.objc; name = PageMessenger.m; path = Classes/Routing/PageMessenger.m; sourceTree = "<group>"; };
		16E421E71A92DC0400621970 /* Wireframe.h */ = {isa = PBXFileReference; fileEncoding = 4; lastKnownFileType = sourcecode.c.h; name = Wireframe.h; path = Classes/Routing/Wireframe.h; sourceTree = "<group>"; };
		16E421E81A92DC0400621970 /* Wireframe.m */ = {isa = PBXFileReference; fileEncoding = 4; lastKnownFileType = sourcecode.c.objc; name = Wireframe.m; path = Classes/Routing/Wireframe.m; sourceTree = "<group>"; };
		16E421EC1A92DC1400621970 /* BaseViewController.h */ = {isa = PBXFileReference; fileEncoding = 4; lastKnownFileType = sourcecode.c.h; name = BaseViewController.h; path = Classes/Views/BaseViewController.h; sourceTree = "<group>"; };
		16E421ED1A92DC1400621970 /* BaseViewController.m */ = {isa = PBXFileReference; fileEncoding = 4; lastKnownFileType = sourcecode.c.objc; name = BaseViewController.m; path = Classes/Views/BaseViewController.m; sourceTree = "<group>"; };
		16E421F71A92DC3200621970 /* BasePresenter.h */ = {isa = PBXFileReference; fileEncoding = 4; lastKnownFileType = sourcecode.c.h; name = BasePresenter.h; path = Classes/Presenters/BasePresenter.h; sourceTree = "<group>"; };
		16E421F81A92DC3200621970 /* BasePresenter.m */ = {isa = PBXFileReference; fileEncoding = 4; lastKnownFileType = sourcecode.c.objc; name = BasePresenter.m; path = Classes/Presenters/BasePresenter.m; sourceTree = "<group>"; };
		16E422031A92DC5500621970 /* NSString+Utility.h */ = {isa = PBXFileReference; fileEncoding = 4; lastKnownFileType = sourcecode.c.h; name = "NSString+Utility.h"; path = "Classes/Utilities/NSString+Utility.h"; sourceTree = "<group>"; };
		16E422041A92DC5500621970 /* NSString+Utility.m */ = {isa = PBXFileReference; fileEncoding = 4; lastKnownFileType = sourcecode.c.objc; name = "NSString+Utility.m"; path = "Classes/Utilities/NSString+Utility.m"; sourceTree = "<group>"; };
		16E422061A92DC6900621970 /* Config.h */ = {isa = PBXFileReference; fileEncoding = 4; lastKnownFileType = sourcecode.c.h; name = Config.h; path = Classes/Config.h; sourceTree = "<group>"; };
		16E422071A92DC6900621970 /* Config.m */ = {isa = PBXFileReference; fileEncoding = 4; lastKnownFileType = sourcecode.c.objc; name = Config.m; path = Classes/Config.m; sourceTree = "<group>"; };
		16E422091A92DE5D00621970 /* AskQuestionViewController.h */ = {isa = PBXFileReference; fileEncoding = 4; lastKnownFileType = sourcecode.c.h; name = AskQuestionViewController.h; path = Classes/Views/AskQuestionViewController.h; sourceTree = "<group>"; };
		16E4220A1A92DE5D00621970 /* AskQuestionViewController.m */ = {isa = PBXFileReference; fileEncoding = 4; lastKnownFileType = sourcecode.c.objc; name = AskQuestionViewController.m; path = Classes/Views/AskQuestionViewController.m; sourceTree = "<group>"; };
		16E4220C1A92DE7300621970 /* QuestionHistoryViewController.h */ = {isa = PBXFileReference; fileEncoding = 4; lastKnownFileType = sourcecode.c.h; name = QuestionHistoryViewController.h; path = Classes/Views/QuestionHistoryViewController.h; sourceTree = "<group>"; };
		16E4220D1A92DE7300621970 /* QuestionHistoryViewController.m */ = {isa = PBXFileReference; fileEncoding = 4; lastKnownFileType = sourcecode.c.objc; name = QuestionHistoryViewController.m; path = Classes/Views/QuestionHistoryViewController.m; sourceTree = "<group>"; };
		16E4220F1A92DE8300621970 /* SettingViewController.h */ = {isa = PBXFileReference; fileEncoding = 4; lastKnownFileType = sourcecode.c.h; name = SettingViewController.h; path = Classes/Views/SettingViewController.h; sourceTree = "<group>"; };
		16E422101A92DE8300621970 /* SettingViewController.m */ = {isa = PBXFileReference; fileEncoding = 4; lastKnownFileType = sourcecode.c.objc; name = SettingViewController.m; path = Classes/Views/SettingViewController.m; sourceTree = "<group>"; };
		16E422121A92F29300621970 /* MenuPanelView.h */ = {isa = PBXFileReference; fileEncoding = 4; lastKnownFileType = sourcecode.c.h; name = MenuPanelView.h; path = Classes/Views/MenuPanelView.h; sourceTree = "<group>"; };
		16E422131A92F29300621970 /* MenuPanelView.m */ = {isa = PBXFileReference; fileEncoding = 4; lastKnownFileType = sourcecode.c.objc; name = MenuPanelView.m; path = Classes/Views/MenuPanelView.m; sourceTree = "<group>"; };
		16E422151A92F2B100621970 /* MenuPanelView.xib */ = {isa = PBXFileReference; fileEncoding = 4; lastKnownFileType = file.xib; name = MenuPanelView.xib; path = Classes/Views/MenuPanelView.xib; sourceTree = "<group>"; };
		16E422171A92F90200621970 /* NavigationPresenter.h */ = {isa = PBXFileReference; fileEncoding = 4; lastKnownFileType = sourcecode.c.h; name = NavigationPresenter.h; path = Classes/Presenters/NavigationPresenter.h; sourceTree = "<group>"; };
		16E422181A92F90200621970 /* NavigationPresenter.m */ = {isa = PBXFileReference; fileEncoding = 4; lastKnownFileType = sourcecode.c.objc; name = NavigationPresenter.m; path = Classes/Presenters/NavigationPresenter.m; sourceTree = "<group>"; };
		16EC62421A942C850016DA24 /* Viper.xcdatamodel */ = {isa = PBXFileReference; lastKnownFileType = wrapper.xcdatamodel; path = Viper.xcdatamodel; sourceTree = "<group>"; };
		16EC62451A942DEE0016DA24 /* Question.h */ = {isa = PBXFileReference; fileEncoding = 4; lastKnownFileType = sourcecode.c.h; name = Question.h; path = Classes/Models/Question.h; sourceTree = "<group>"; };
		16EC62461A942DEE0016DA24 /* Question.m */ = {isa = PBXFileReference; fileEncoding = 4; lastKnownFileType = sourcecode.c.objc; name = Question.m; path = Classes/Models/Question.m; sourceTree = "<group>"; };
		16EC62481A942DEE0016DA24 /* Answer.h */ = {isa = PBXFileReference; fileEncoding = 4; lastKnownFileType = sourcecode.c.h; name = Answer.h; path = Classes/Models/Answer.h; sourceTree = "<group>"; };
		16EC62491A942DEE0016DA24 /* Answer.m */ = {isa = PBXFileReference; fileEncoding = 4; lastKnownFileType = sourcecode.c.objc; name = Answer.m; path = Classes/Models/Answer.m; sourceTree = "<group>"; };
		16EC624F1A942E630016DA24 /* MagicalImportFunctions.h */ = {isa = PBXFileReference; fileEncoding = 4; lastKnownFileType = sourcecode.c.h; path = MagicalImportFunctions.h; sourceTree = "<group>"; };
		16EC62501A942E630016DA24 /* MagicalImportFunctions.m */ = {isa = PBXFileReference; fileEncoding = 4; lastKnownFileType = sourcecode.c.objc; path = MagicalImportFunctions.m; sourceTree = "<group>"; };
		16EC62511A942E630016DA24 /* NSAttributeDescription+MagicalDataImport.h */ = {isa = PBXFileReference; fileEncoding = 4; lastKnownFileType = sourcecode.c.h; path = "NSAttributeDescription+MagicalDataImport.h"; sourceTree = "<group>"; };
		16EC62521A942E630016DA24 /* NSAttributeDescription+MagicalDataImport.m */ = {isa = PBXFileReference; fileEncoding = 4; lastKnownFileType = sourcecode.c.objc; path = "NSAttributeDescription+MagicalDataImport.m"; sourceTree = "<group>"; };
		16EC62531A942E630016DA24 /* NSEntityDescription+MagicalDataImport.h */ = {isa = PBXFileReference; fileEncoding = 4; lastKnownFileType = sourcecode.c.h; path = "NSEntityDescription+MagicalDataImport.h"; sourceTree = "<group>"; };
		16EC62541A942E630016DA24 /* NSEntityDescription+MagicalDataImport.m */ = {isa = PBXFileReference; fileEncoding = 4; lastKnownFileType = sourcecode.c.objc; path = "NSEntityDescription+MagicalDataImport.m"; sourceTree = "<group>"; };
		16EC62551A942E630016DA24 /* NSNumber+MagicalDataImport.h */ = {isa = PBXFileReference; fileEncoding = 4; lastKnownFileType = sourcecode.c.h; path = "NSNumber+MagicalDataImport.h"; sourceTree = "<group>"; };
		16EC62561A942E640016DA24 /* NSNumber+MagicalDataImport.m */ = {isa = PBXFileReference; fileEncoding = 4; lastKnownFileType = sourcecode.c.objc; path = "NSNumber+MagicalDataImport.m"; sourceTree = "<group>"; };
		16EC62571A942E640016DA24 /* NSObject+MagicalDataImport.h */ = {isa = PBXFileReference; fileEncoding = 4; lastKnownFileType = sourcecode.c.h; path = "NSObject+MagicalDataImport.h"; sourceTree = "<group>"; };
		16EC62581A942E640016DA24 /* NSObject+MagicalDataImport.m */ = {isa = PBXFileReference; fileEncoding = 4; lastKnownFileType = sourcecode.c.objc; path = "NSObject+MagicalDataImport.m"; sourceTree = "<group>"; };
		16EC62591A942E640016DA24 /* NSRelationshipDescription+MagicalDataImport.h */ = {isa = PBXFileReference; fileEncoding = 4; lastKnownFileType = sourcecode.c.h; path = "NSRelationshipDescription+MagicalDataImport.h"; sourceTree = "<group>"; };
		16EC625A1A942E640016DA24 /* NSRelationshipDescription+MagicalDataImport.m */ = {isa = PBXFileReference; fileEncoding = 4; lastKnownFileType = sourcecode.c.objc; path = "NSRelationshipDescription+MagicalDataImport.m"; sourceTree = "<group>"; };
		16EC625B1A942E640016DA24 /* NSString+MagicalDataImport.h */ = {isa = PBXFileReference; fileEncoding = 4; lastKnownFileType = sourcecode.c.h; path = "NSString+MagicalDataImport.h"; sourceTree = "<group>"; };
		16EC625C1A942E640016DA24 /* NSString+MagicalDataImport.m */ = {isa = PBXFileReference; fileEncoding = 4; lastKnownFileType = sourcecode.c.objc; path = "NSString+MagicalDataImport.m"; sourceTree = "<group>"; };
		16EC625E1A942E640016DA24 /* NSManagedObject+MagicalAggregation.h */ = {isa = PBXFileReference; fileEncoding = 4; lastKnownFileType = sourcecode.c.h; path = "NSManagedObject+MagicalAggregation.h"; sourceTree = "<group>"; };
		16EC625F1A942E640016DA24 /* NSManagedObject+MagicalAggregation.m */ = {isa = PBXFileReference; fileEncoding = 4; lastKnownFileType = sourcecode.c.objc; path = "NSManagedObject+MagicalAggregation.m"; sourceTree = "<group>"; };
		16EC62601A942E640016DA24 /* NSManagedObject+MagicalDataImport.h */ = {isa = PBXFileReference; fileEncoding = 4; lastKnownFileType = sourcecode.c.h; path = "NSManagedObject+MagicalDataImport.h"; sourceTree = "<group>"; };
		16EC62611A942E640016DA24 /* NSManagedObject+MagicalDataImport.m */ = {isa = PBXFileReference; fileEncoding = 4; lastKnownFileType = sourcecode.c.objc; path = "NSManagedObject+MagicalDataImport.m"; sourceTree = "<group>"; };
		16EC62621A942E640016DA24 /* NSManagedObject+MagicalFinders.h */ = {isa = PBXFileReference; fileEncoding = 4; lastKnownFileType = sourcecode.c.h; path = "NSManagedObject+MagicalFinders.h"; sourceTree = "<group>"; };
		16EC62631A942E640016DA24 /* NSManagedObject+MagicalFinders.m */ = {isa = PBXFileReference; fileEncoding = 4; lastKnownFileType = sourcecode.c.objc; path = "NSManagedObject+MagicalFinders.m"; sourceTree = "<group>"; };
		16EC62641A942E640016DA24 /* NSManagedObject+MagicalRecord.h */ = {isa = PBXFileReference; fileEncoding = 4; lastKnownFileType = sourcecode.c.h; path = "NSManagedObject+MagicalRecord.h"; sourceTree = "<group>"; };
		16EC62651A942E640016DA24 /* NSManagedObject+MagicalRecord.m */ = {isa = PBXFileReference; fileEncoding = 4; lastKnownFileType = sourcecode.c.objc; path = "NSManagedObject+MagicalRecord.m"; sourceTree = "<group>"; };
		16EC62661A942E640016DA24 /* NSManagedObject+MagicalRequests.h */ = {isa = PBXFileReference; fileEncoding = 4; lastKnownFileType = sourcecode.c.h; path = "NSManagedObject+MagicalRequests.h"; sourceTree = "<group>"; };
		16EC62671A942E640016DA24 /* NSManagedObject+MagicalRequests.m */ = {isa = PBXFileReference; fileEncoding = 4; lastKnownFileType = sourcecode.c.objc; path = "NSManagedObject+MagicalRequests.m"; sourceTree = "<group>"; };
		16EC62691A942E640016DA24 /* NSManagedObjectContext+MagicalChainSave.h */ = {isa = PBXFileReference; fileEncoding = 4; lastKnownFileType = sourcecode.c.h; path = "NSManagedObjectContext+MagicalChainSave.h"; sourceTree = "<group>"; };
		16EC626A1A942E640016DA24 /* NSManagedObjectContext+MagicalChainSave.m */ = {isa = PBXFileReference; fileEncoding = 4; lastKnownFileType = sourcecode.c.objc; path = "NSManagedObjectContext+MagicalChainSave.m"; sourceTree = "<group>"; };
		16EC626B1A942E640016DA24 /* NSManagedObjectContext+MagicalObserving.h */ = {isa = PBXFileReference; fileEncoding = 4; lastKnownFileType = sourcecode.c.h; path = "NSManagedObjectContext+MagicalObserving.h"; sourceTree = "<group>"; };
		16EC626C1A942E640016DA24 /* NSManagedObjectContext+MagicalObserving.m */ = {isa = PBXFileReference; fileEncoding = 4; lastKnownFileType = sourcecode.c.objc; path = "NSManagedObjectContext+MagicalObserving.m"; sourceTree = "<group>"; };
		16EC626D1A942E640016DA24 /* NSManagedObjectContext+MagicalRecord.h */ = {isa = PBXFileReference; fileEncoding = 4; lastKnownFileType = sourcecode.c.h; path = "NSManagedObjectContext+MagicalRecord.h"; sourceTree = "<group>"; };
		16EC626E1A942E640016DA24 /* NSManagedObjectContext+MagicalRecord.m */ = {isa = PBXFileReference; fileEncoding = 4; lastKnownFileType = sourcecode.c.objc; path = "NSManagedObjectContext+MagicalRecord.m"; sourceTree = "<group>"; };
		16EC626F1A942E640016DA24 /* NSManagedObjectContext+MagicalSaves.h */ = {isa = PBXFileReference; fileEncoding = 4; lastKnownFileType = sourcecode.c.h; path = "NSManagedObjectContext+MagicalSaves.h"; sourceTree = "<group>"; };
		16EC62701A942E640016DA24 /* NSManagedObjectContext+MagicalSaves.m */ = {isa = PBXFileReference; fileEncoding = 4; lastKnownFileType = sourcecode.c.objc; path = "NSManagedObjectContext+MagicalSaves.m"; sourceTree = "<group>"; };
		16EC62711A942E640016DA24 /* NSManagedObjectContext+MagicalThreading.h */ = {isa = PBXFileReference; fileEncoding = 4; lastKnownFileType = sourcecode.c.h; path = "NSManagedObjectContext+MagicalThreading.h"; sourceTree = "<group>"; };
		16EC62721A942E640016DA24 /* NSManagedObjectContext+MagicalThreading.m */ = {isa = PBXFileReference; fileEncoding = 4; lastKnownFileType = sourcecode.c.objc; path = "NSManagedObjectContext+MagicalThreading.m"; sourceTree = "<group>"; };
		16EC62731A942E640016DA24 /* NSManagedObjectModel+MagicalRecord.h */ = {isa = PBXFileReference; fileEncoding = 4; lastKnownFileType = sourcecode.c.h; path = "NSManagedObjectModel+MagicalRecord.h"; sourceTree = "<group>"; };
		16EC62741A942E640016DA24 /* NSManagedObjectModel+MagicalRecord.m */ = {isa = PBXFileReference; fileEncoding = 4; lastKnownFileType = sourcecode.c.objc; path = "NSManagedObjectModel+MagicalRecord.m"; sourceTree = "<group>"; };
		16EC62751A942E640016DA24 /* NSPersistentStore+MagicalRecord.h */ = {isa = PBXFileReference; fileEncoding = 4; lastKnownFileType = sourcecode.c.h; path = "NSPersistentStore+MagicalRecord.h"; sourceTree = "<group>"; };
		16EC62761A942E640016DA24 /* NSPersistentStore+MagicalRecord.m */ = {isa = PBXFileReference; fileEncoding = 4; lastKnownFileType = sourcecode.c.objc; path = "NSPersistentStore+MagicalRecord.m"; sourceTree = "<group>"; };
		16EC62771A942E640016DA24 /* NSPersistentStoreCoordinator+MagicalRecord.h */ = {isa = PBXFileReference; fileEncoding = 4; lastKnownFileType = sourcecode.c.h; path = "NSPersistentStoreCoordinator+MagicalRecord.h"; sourceTree = "<group>"; };
		16EC62781A942E640016DA24 /* NSPersistentStoreCoordinator+MagicalRecord.m */ = {isa = PBXFileReference; fileEncoding = 4; lastKnownFileType = sourcecode.c.objc; path = "NSPersistentStoreCoordinator+MagicalRecord.m"; sourceTree = "<group>"; };
		16EC627A1A942E640016DA24 /* MagicalRecord+Actions.h */ = {isa = PBXFileReference; fileEncoding = 4; lastKnownFileType = sourcecode.c.h; path = "MagicalRecord+Actions.h"; sourceTree = "<group>"; };
		16EC627B1A942E640016DA24 /* MagicalRecord+Actions.m */ = {isa = PBXFileReference; fileEncoding = 4; lastKnownFileType = sourcecode.c.objc; path = "MagicalRecord+Actions.m"; sourceTree = "<group>"; };
		16EC627C1A942E640016DA24 /* MagicalRecord+ErrorHandling.h */ = {isa = PBXFileReference; fileEncoding = 4; lastKnownFileType = sourcecode.c.h; path = "MagicalRecord+ErrorHandling.h"; sourceTree = "<group>"; };
		16EC627D1A942E640016DA24 /* MagicalRecord+ErrorHandling.m */ = {isa = PBXFileReference; fileEncoding = 4; lastKnownFileType = sourcecode.c.objc; path = "MagicalRecord+ErrorHandling.m"; sourceTree = "<group>"; };
		16EC627E1A942E640016DA24 /* MagicalRecord+iCloud.h */ = {isa = PBXFileReference; fileEncoding = 4; lastKnownFileType = sourcecode.c.h; path = "MagicalRecord+iCloud.h"; sourceTree = "<group>"; };
		16EC627F1A942E640016DA24 /* MagicalRecord+iCloud.m */ = {isa = PBXFileReference; fileEncoding = 4; lastKnownFileType = sourcecode.c.objc; path = "MagicalRecord+iCloud.m"; sourceTree = "<group>"; };
		16EC62801A942E640016DA24 /* MagicalRecord+Options.h */ = {isa = PBXFileReference; fileEncoding = 4; lastKnownFileType = sourcecode.c.h; path = "MagicalRecord+Options.h"; sourceTree = "<group>"; };
		16EC62811A942E640016DA24 /* MagicalRecord+Options.m */ = {isa = PBXFileReference; fileEncoding = 4; lastKnownFileType = sourcecode.c.objc; path = "MagicalRecord+Options.m"; sourceTree = "<group>"; };
		16EC62821A942E640016DA24 /* MagicalRecord+Setup.h */ = {isa = PBXFileReference; fileEncoding = 4; lastKnownFileType = sourcecode.c.h; path = "MagicalRecord+Setup.h"; sourceTree = "<group>"; };
		16EC62831A942E640016DA24 /* MagicalRecord+Setup.m */ = {isa = PBXFileReference; fileEncoding = 4; lastKnownFileType = sourcecode.c.objc; path = "MagicalRecord+Setup.m"; sourceTree = "<group>"; };
		16EC62841A942E640016DA24 /* MagicalRecord+ShorthandSupport.h */ = {isa = PBXFileReference; fileEncoding = 4; lastKnownFileType = sourcecode.c.h; path = "MagicalRecord+ShorthandSupport.h"; sourceTree = "<group>"; };
		16EC62851A942E640016DA24 /* MagicalRecord+ShorthandSupport.m */ = {isa = PBXFileReference; fileEncoding = 4; lastKnownFileType = sourcecode.c.objc; path = "MagicalRecord+ShorthandSupport.m"; sourceTree = "<group>"; };
		16EC62861A942E640016DA24 /* MagicalRecord.h */ = {isa = PBXFileReference; fileEncoding = 4; lastKnownFileType = sourcecode.c.h; path = MagicalRecord.h; sourceTree = "<group>"; };
		16EC62871A942E640016DA24 /* MagicalRecord.m */ = {isa = PBXFileReference; fileEncoding = 4; lastKnownFileType = sourcecode.c.objc; path = MagicalRecord.m; sourceTree = "<group>"; };
		16EC62881A942E640016DA24 /* MagicalRecordDeprecated.h */ = {isa = PBXFileReference; fileEncoding = 4; lastKnownFileType = sourcecode.c.h; path = MagicalRecordDeprecated.h; sourceTree = "<group>"; };
		16EC62891A942E640016DA24 /* MagicalRecordLogging.h */ = {isa = PBXFileReference; fileEncoding = 4; lastKnownFileType = sourcecode.c.h; path = MagicalRecordLogging.h; sourceTree = "<group>"; };
		16EC628A1A942E640016DA24 /* MagicalRecordShorthand.h */ = {isa = PBXFileReference; fileEncoding = 4; lastKnownFileType = sourcecode.c.h; path = MagicalRecordShorthand.h; sourceTree = "<group>"; };
		16EC628B1A942E640016DA24 /* CoreData+MagicalRecord.h */ = {isa = PBXFileReference; fileEncoding = 4; lastKnownFileType = sourcecode.c.h; path = "CoreData+MagicalRecord.h"; sourceTree = "<group>"; };
		16EC62A71A9430AE0016DA24 /* QuestionListInterface.h */ = {isa = PBXFileReference; fileEncoding = 4; lastKnownFileType = sourcecode.c.h; name = QuestionListInterface.h; path = Classes/ViewInterfaces/QuestionListInterface.h; sourceTree = "<group>"; };
		16EC62A81A9432F60016DA24 /* AskQuestionPanelPresenter.h */ = {isa = PBXFileReference; fileEncoding = 4; lastKnownFileType = sourcecode.c.h; name = AskQuestionPanelPresenter.h; path = Classes/Presenters/AskQuestionPanelPresenter.h; sourceTree = "<group>"; };
		16EC62A91A9432F60016DA24 /* AskQuestionPanelPresenter.m */ = {isa = PBXFileReference; fileEncoding = 4; lastKnownFileType = sourcecode.c.objc; name = AskQuestionPanelPresenter.m; path = Classes/Presenters/AskQuestionPanelPresenter.m; sourceTree = "<group>"; };
		16EC62AB1A9433820016DA24 /* AnswerBoardInterface.h */ = {isa = PBXFileReference; fileEncoding = 4; lastKnownFileType = sourcecode.c.h; name = AnswerBoardInterface.h; path = Classes/ViewInterfaces/AnswerBoardInterface.h; sourceTree = "<group>"; };
		16EC62AD1A9434080016DA24 /* AnswerInfo.h */ = {isa = PBXFileReference; fileEncoding = 4; lastKnownFileType = sourcecode.c.h; name = AnswerInfo.h; path = Classes/DTO/AnswerInfo.h; sourceTree = "<group>"; };
		16EC62AE1A9434080016DA24 /* AnswerInfo.m */ = {isa = PBXFileReference; fileEncoding = 4; lastKnownFileType = sourcecode.c.objc; name = AnswerInfo.m; path = Classes/DTO/AnswerInfo.m; sourceTree = "<group>"; };
		16EC62B01A9434F90016DA24 /* ProgressHudInterface.h */ = {isa = PBXFileReference; fileEncoding = 4; lastKnownFileType = sourcecode.c.h; name = ProgressHudInterface.h; path = Classes/ViewInterfaces/ProgressHudInterface.h; sourceTree = "<group>"; };
		16EC62B11A9437B50016DA24 /* QuestionRobotInteractor.h */ = {isa = PBXFileReference; fileEncoding = 4; lastKnownFileType = sourcecode.c.h; name = QuestionRobotInteractor.h; path = Classes/Interactors/QuestionRobotInteractor.h; sourceTree = "<group>"; };
		16EC62B21A9437B50016DA24 /* QuestionRobotInteractor.m */ = {isa = PBXFileReference; fileEncoding = 4; lastKnownFileType = sourcecode.c.objc; name = QuestionRobotInteractor.m; path = Classes/Interactors/QuestionRobotInteractor.m; sourceTree = "<group>"; };
		16EC62B51A9438590016DA24 /* Question+DataManager.h */ = {isa = PBXFileReference; fileEncoding = 4; lastKnownFileType = sourcecode.c.h; name = "Question+DataManager.h"; path = "Classes/Models/Question+DataManager.h"; sourceTree = "<group>"; };
		16EC62B61A9438590016DA24 /* Question+DataManager.m */ = {isa = PBXFileReference; fileEncoding = 4; lastKnownFileType = sourcecode.c.objc; name = "Question+DataManager.m"; path = "Classes/Models/Question+DataManager.m"; sourceTree = "<group>"; };
		16EC62B91A943EF50016DA24 /* Question+Utility.h */ = {isa = PBXFileReference; fileEncoding = 4; lastKnownFileType = sourcecode.c.h; name = "Question+Utility.h"; path = "Classes/Models/Question+Utility.h"; sourceTree = "<group>"; };
		16EC62BA1A943EF50016DA24 /* Question+Utility.m */ = {isa = PBXFileReference; fileEncoding = 4; lastKnownFileType = sourcecode.c.objc; name = "Question+Utility.m"; path = "Classes/Models/Question+Utility.m"; sourceTree = "<group>"; };
		16EC62BC1A943F080016DA24 /* QuestionInfo.h */ = {isa = PBXFileReference; fileEncoding = 4; lastKnownFileType = sourcecode.c.h; name = QuestionInfo.h; path = Classes/DTO/QuestionInfo.h; sourceTree = "<group>"; };
		16EC62BD1A943F080016DA24 /* QuestionInfo.m */ = {isa = PBXFileReference; fileEncoding = 4; lastKnownFileType = sourcecode.c.objc; name = QuestionInfo.m; path = Classes/DTO/QuestionInfo.m; sourceTree = "<group>"; };
		16EC62BF1A94438C0016DA24 /* Answer+Utility.h */ = {isa = PBXFileReference; fileEncoding = 4; lastKnownFileType = sourcecode.c.h; name = "Answer+Utility.h"; path = "Classes/Models/Answer+Utility.h"; sourceTree = "<group>"; };
		16EC62C01A94438C0016DA24 /* Answer+Utility.m */ = {isa = PBXFileReference; fileEncoding = 4; lastKnownFileType = sourcecode.c.objc; name = "Answer+Utility.m"; path = "Classes/Models/Answer+Utility.m"; sourceTree = "<group>"; };
		16EC62C21A9445550016DA24 /* NSArray+Utility.h */ = {isa = PBXFileReference; fileEncoding = 4; lastKnownFileType = sourcecode.c.h; name = "NSArray+Utility.h"; path = "Classes/Utilities/NSArray+Utility.h"; sourceTree = "<group>"; };
		16EC62C31A9445550016DA24 /* NSArray+Utility.m */ = {isa = PBXFileReference; fileEncoding = 4; lastKnownFileType = sourcecode.c.objc; name = "NSArray+Utility.m"; path = "Classes/Utilities/NSArray+Utility.m"; sourceTree = "<group>"; };
		16EECE9B1A737C5200CC90A4 /* README.md */ = {isa = PBXFileReference; fileEncoding = 4; lastKnownFileType = net.daringfireball.markdown; path = README.md; sourceTree = "<group>"; };
		16EECE9E1A73884600CC90A4 /* RoutingSequence.png */ = {isa = PBXFileReference; lastKnownFileType = image.png; name = RoutingSequence.png; path = Documents/RoutingSequence.png; sourceTree = "<group>"; };
/* End PBXFileReference section */

/* Begin PBXFrameworksBuildPhase section */
		162F28C019FDDD780043C638 /* Frameworks */ = {
			isa = PBXFrameworksBuildPhase;
			buildActionMask = 2147483647;
			files = (
			);
			runOnlyForDeploymentPostprocessing = 0;
		};
		162F28D919FDDD780043C638 /* Frameworks */ = {
			isa = PBXFrameworksBuildPhase;
			buildActionMask = 2147483647;
			files = (
				166A99EA1A95CCE000283F66 /* libOCMock.a in Frameworks */,
			);
			runOnlyForDeploymentPostprocessing = 0;
		};
/* End PBXFrameworksBuildPhase section */

/* Begin PBXGroup section */
		162F28BA19FDDD780043C638 = {
			isa = PBXGroup;
			children = (
				166A99E91A95CCE000283F66 /* libOCMock.a */,
				16EECE9B1A737C5200CC90A4 /* README.md */,
				16EECE9D1A73800600CC90A4 /* Documents */,
				162F28C519FDDD780043C638 /* DemoVIPER */,
				162F28DF19FDDD780043C638 /* DemoVIPERTests */,
				162F28C419FDDD780043C638 /* Products */,
			);
			sourceTree = "<group>";
		};
		162F28C419FDDD780043C638 /* Products */ = {
			isa = PBXGroup;
			children = (
				162F28C319FDDD780043C638 /* DemoVIPER.app */,
				162F28DC19FDDD780043C638 /* DemoVIPERTests.xctest */,
			);
			name = Products;
			sourceTree = "<group>";
		};
		162F28C519FDDD780043C638 /* DemoVIPER */ = {
			isa = PBXGroup;
			children = (
				162F28EC19FDDD9B0043C638 /* Classes */,
				162F28ED19FDDDED0043C638 /* Resources */,
				162F28C619FDDD780043C638 /* Supporting Files */,
			);
			path = DemoVIPER;
			sourceTree = "<group>";
		};
		162F28C619FDDD780043C638 /* Supporting Files */ = {
			isa = PBXGroup;
			children = (
				162F28C719FDDD780043C638 /* Info.plist */,
				162F28C819FDDD780043C638 /* main.m */,
			);
			name = "Supporting Files";
			sourceTree = "<group>";
		};
		162F28DF19FDDD780043C638 /* DemoVIPERTests */ = {
			isa = PBXGroup;
			children = (
				166A99E31A95C04100283F66 /* Routing */,
				166A99E61A95C3FF00283F66 /* Views */,
				166A99EB1A95D62D00283F66 /* Presenters */,
				166A99EE1A95DC4100283F66 /* Interactors */,
				162F28E019FDDD780043C638 /* Supporting Files */,
			);
			path = DemoVIPERTests;
			sourceTree = "<group>";
		};
		162F28E019FDDD780043C638 /* Supporting Files */ = {
			isa = PBXGroup;
			children = (
				162F28E119FDDD780043C638 /* Info.plist */,
			);
			name = "Supporting Files";
			sourceTree = "<group>";
		};
		162F28EC19FDDD9B0043C638 /* Classes */ = {
			isa = PBXGroup;
			children = (
				16E422061A92DC6900621970 /* Config.h */,
				16E422071A92DC6900621970 /* Config.m */,
				162F28CA19FDDD780043C638 /* AppDelegate.h */,
				162F28CB19FDDD780043C638 /* AppDelegate.m */,
				162F28EF19FDDE580043C638 /* Routing */,
				162F28F019FDDE660043C638 /* Views */,
				162F28F119FDDE720043C638 /* View Interfaces */,
				162F28F219FDDE8D0043C638 /* Presenters */,
				162F28F319FDDE990043C638 /* Interactors */,
				16EC62AC1A9433D60016DA24 /* DTO */,
				16EC62401A942C1F0016DA24 /* Models */,
				162F290719FDE9FB0043C638 /* Utilities */,
				16EC624B1A942E3B0016DA24 /* Libraries */,
			);
			name = Classes;
			sourceTree = "<group>";
		};
		162F28ED19FDDDED0043C638 /* Resources */ = {
			isa = PBXGroup;
			children = (
				162F28D319FDDD780043C638 /* Images.xcassets */,
				162F28D519FDDD780043C638 /* LaunchScreen.xib */,
			);
			name = Resources;
			sourceTree = "<group>";
		};
		162F28EE19FDDDF90043C638 /* Storyboards */ = {
			isa = PBXGroup;
			children = (
				16E421DF1A92DACC00621970 /* Question.storyboard */,
				16E421E21A92DAD100621970 /* Setting.storyboard */,
			);
			name = Storyboards;
			sourceTree = "<group>";
		};
		162F28EF19FDDE580043C638 /* Routing */ = {
			isa = PBXGroup;
			children = (
				16E421E71A92DC0400621970 /* Wireframe.h */,
				16E421E81A92DC0400621970 /* Wireframe.m */,
				16E421E31A92DC0400621970 /* AssemblingFactory.h */,
				16E421E41A92DC0400621970 /* AssemblingFactory.m */,
				16E421E51A92DC0400621970 /* PageMessenger.h */,
				16E421E61A92DC0400621970 /* PageMessenger.m */,
			);
			name = Routing;
			sourceTree = "<group>";
		};
		162F28F019FDDE660043C638 /* Views */ = {
			isa = PBXGroup;
			children = (
				16E421EC1A92DC1400621970 /* BaseViewController.h */,
				16E421ED1A92DC1400621970 /* BaseViewController.m */,
				162F28EE19FDDDF90043C638 /* Storyboards */,
				16E421D51A92D82900621970 /* Menu Panel */,
				16E421D61A92D83400621970 /* Ask Question Screen */,
				16E421DC1A92DA9B00621970 /* Question History Screen */,
				16E421D71A92D84400621970 /* Setting Screen */,
			);
			name = Views;
			sourceTree = "<group>";
		};
		162F28F119FDDE720043C638 /* View Interfaces */ = {
			isa = PBXGroup;
			children = (
				166A99D01A958C5A00283F66 /* ThemeListInterface.h */,
				16EC62A71A9430AE0016DA24 /* QuestionListInterface.h */,
				16EC62AB1A9433820016DA24 /* AnswerBoardInterface.h */,
				16EC62B01A9434F90016DA24 /* ProgressHudInterface.h */,
			);
			name = "View Interfaces";
			sourceTree = "<group>";
		};
		162F28F219FDDE8D0043C638 /* Presenters */ = {
			isa = PBXGroup;
			children = (
				16E421F71A92DC3200621970 /* BasePresenter.h */,
				16E421F81A92DC3200621970 /* BasePresenter.m */,
				16E422171A92F90200621970 /* NavigationPresenter.h */,
				16E422181A92F90200621970 /* NavigationPresenter.m */,
				166A99E01A95ABE200283F66 /* ConfigurationPresenter.h */,
				166A99E11A95ABE200283F66 /* ConfigurationPresenter.m */,
				166A99D11A9590BC00283F66 /* ThemeGroupPresenter.h */,
				166A99D21A9590BC00283F66 /* ThemeGroupPresenter.m */,
				16523A301A94B35B0056D6B2 /* QuestionGroupPresenter.h */,
				16523A311A94B35B0056D6B2 /* QuestionGroupPresenter.m */,
				16EC62A81A9432F60016DA24 /* AskQuestionPanelPresenter.h */,
				16EC62A91A9432F60016DA24 /* AskQuestionPanelPresenter.m */,
			);
			name = Presenters;
			sourceTree = "<group>";
		};
		162F28F319FDDE990043C638 /* Interactors */ = {
			isa = PBXGroup;
			children = (
				16EC62B11A9437B50016DA24 /* QuestionRobotInteractor.h */,
				16EC62B21A9437B50016DA24 /* QuestionRobotInteractor.m */,
			);
			name = Interactors;
			sourceTree = "<group>";
		};
		162F290719FDE9FB0043C638 /* Utilities */ = {
			isa = PBXGroup;
			children = (
				16E422031A92DC5500621970 /* NSString+Utility.h */,
				16E422041A92DC5500621970 /* NSString+Utility.m */,
				16EC62C21A9445550016DA24 /* NSArray+Utility.h */,
				16EC62C31A9445550016DA24 /* NSArray+Utility.m */,
			);
			name = Utilities;
			sourceTree = "<group>";
		};
		16523A331A94B6180056D6B2 /* Question Detail Cell */ = {
			isa = PBXGroup;
			children = (
				16523A341A94B6460056D6B2 /* QuestionDetailCell.h */,
				16523A351A94B6460056D6B2 /* QuestionDetailCell.m */,
				16523A371A94B65A0056D6B2 /* QuestionDetailCell.xib */,
			);
			name = "Question Detail Cell";
			sourceTree = "<group>";
		};
		166A99D41A95983F00283F66 /* Theme Choice Cell */ = {
			isa = PBXGroup;
			children = (
				166A99D51A95986200283F66 /* ThemeChoiceCell.h */,
				166A99D61A95986200283F66 /* ThemeChoiceCell.m */,
				166A99D71A95986200283F66 /* ThemeChoiceCell.xib */,
			);
			name = "Theme Choice Cell";
			sourceTree = "<group>";
		};
		166A99DA1A95A22B00283F66 /* Theme Setting Cell */ = {
			isa = PBXGroup;
			children = (
				166A99DB1A95A24D00283F66 /* ThemeSettingCell.h */,
				166A99DC1A95A24D00283F66 /* ThemeSettingCell.m */,
				166A99DD1A95A24D00283F66 /* ThemeSettingCell.xib */,
			);
			name = "Theme Setting Cell";
			sourceTree = "<group>";
		};
		166A99E31A95C04100283F66 /* Routing */ = {
			isa = PBXGroup;
			children = (
				166A99E41A95C05C00283F66 /* AssemblingFactoryTests.m */,
			);
			name = Routing;
			sourceTree = "<group>";
		};
		166A99E61A95C3FF00283F66 /* Views */ = {
			isa = PBXGroup;
			children = (
				166A99E71A95C44300283F66 /* AskQuestionViewControllerTests.m */,
			);
			name = Views;
			sourceTree = "<group>";
		};
		166A99EB1A95D62D00283F66 /* Presenters */ = {
			isa = PBXGroup;
			children = (
				166A99EC1A95D69500283F66 /* AskQuestionPanelPresenterTests.m */,
			);
			name = Presenters;
			sourceTree = "<group>";
		};
		166A99EE1A95DC4100283F66 /* Interactors */ = {
			isa = PBXGroup;
			children = (
				166A99EF1A95DC5E00283F66 /* QuestionRobotInteractorTests.m */,
			);
			name = Interactors;
			sourceTree = "<group>";
		};
		16E421D51A92D82900621970 /* Menu Panel */ = {
			isa = PBXGroup;
			children = (
				16E422121A92F29300621970 /* MenuPanelView.h */,
				16E422131A92F29300621970 /* MenuPanelView.m */,
				16E422151A92F2B100621970 /* MenuPanelView.xib */,
				166A99D41A95983F00283F66 /* Theme Choice Cell */,
			);
			name = "Menu Panel";
			sourceTree = "<group>";
		};
		16E421D61A92D83400621970 /* Ask Question Screen */ = {
			isa = PBXGroup;
			children = (
				16E422091A92DE5D00621970 /* AskQuestionViewController.h */,
				16E4220A1A92DE5D00621970 /* AskQuestionViewController.m */,
			);
			name = "Ask Question Screen";
			sourceTree = "<group>";
		};
		16E421D71A92D84400621970 /* Setting Screen */ = {
			isa = PBXGroup;
			children = (
				16E4220F1A92DE8300621970 /* SettingViewController.h */,
				16E422101A92DE8300621970 /* SettingViewController.m */,
				166A99DA1A95A22B00283F66 /* Theme Setting Cell */,
			);
			name = "Setting Screen";
			sourceTree = "<group>";
		};
		16E421DC1A92DA9B00621970 /* Question History Screen */ = {
			isa = PBXGroup;
			children = (
				16E4220C1A92DE7300621970 /* QuestionHistoryViewController.h */,
				16E4220D1A92DE7300621970 /* QuestionHistoryViewController.m */,
				16523A331A94B6180056D6B2 /* Question Detail Cell */,
			);
			name = "Question History Screen";
			sourceTree = "<group>";
		};
		16EC62401A942C1F0016DA24 /* Models */ = {
			isa = PBXGroup;
			children = (
				16EC62411A942C850016DA24 /* Viper.xcdatamodeld */,
				16EC62441A942DAC0016DA24 /* Managed Objects */,
				16EC62B41A9438340016DA24 /* Data Manager */,
				16EC62B81A943EE10016DA24 /* Utilities */,
			);
			name = Models;
			sourceTree = "<group>";
		};
		16EC62441A942DAC0016DA24 /* Managed Objects */ = {
			isa = PBXGroup;
			children = (
				16EC62481A942DEE0016DA24 /* Answer.h */,
				16EC62491A942DEE0016DA24 /* Answer.m */,
				16EC62451A942DEE0016DA24 /* Question.h */,
				16EC62461A942DEE0016DA24 /* Question.m */,
			);
			name = "Managed Objects";
			sourceTree = "<group>";
		};
		16EC624B1A942E3B0016DA24 /* Libraries */ = {
			isa = PBXGroup;
			children = (
				16EC624C1A942E630016DA24 /* MagicalRecord */,
			);
			name = Libraries;
			sourceTree = "<group>";
		};
		16EC624C1A942E630016DA24 /* MagicalRecord */ = {
			isa = PBXGroup;
			children = (
				16EC624D1A942E630016DA24 /* Categories */,
				16EC62791A942E640016DA24 /* Core */,
				16EC628B1A942E640016DA24 /* CoreData+MagicalRecord.h */,
			);
			name = MagicalRecord;
			path = Classes/MagicalRecord;
			sourceTree = "<group>";
		};
		16EC624D1A942E630016DA24 /* Categories */ = {
			isa = PBXGroup;
			children = (
				16EC624E1A942E630016DA24 /* DataImport */,
				16EC625D1A942E640016DA24 /* NSManagedObject */,
				16EC62681A942E640016DA24 /* NSManagedObjectContext */,
				16EC62731A942E640016DA24 /* NSManagedObjectModel+MagicalRecord.h */,
				16EC62741A942E640016DA24 /* NSManagedObjectModel+MagicalRecord.m */,
				16EC62751A942E640016DA24 /* NSPersistentStore+MagicalRecord.h */,
				16EC62761A942E640016DA24 /* NSPersistentStore+MagicalRecord.m */,
				16EC62771A942E640016DA24 /* NSPersistentStoreCoordinator+MagicalRecord.h */,
				16EC62781A942E640016DA24 /* NSPersistentStoreCoordinator+MagicalRecord.m */,
			);
			path = Categories;
			sourceTree = "<group>";
		};
		16EC624E1A942E630016DA24 /* DataImport */ = {
			isa = PBXGroup;
			children = (
				16EC624F1A942E630016DA24 /* MagicalImportFunctions.h */,
				16EC62501A942E630016DA24 /* MagicalImportFunctions.m */,
				16EC62511A942E630016DA24 /* NSAttributeDescription+MagicalDataImport.h */,
				16EC62521A942E630016DA24 /* NSAttributeDescription+MagicalDataImport.m */,
				16EC62531A942E630016DA24 /* NSEntityDescription+MagicalDataImport.h */,
				16EC62541A942E630016DA24 /* NSEntityDescription+MagicalDataImport.m */,
				16EC62551A942E630016DA24 /* NSNumber+MagicalDataImport.h */,
				16EC62561A942E640016DA24 /* NSNumber+MagicalDataImport.m */,
				16EC62571A942E640016DA24 /* NSObject+MagicalDataImport.h */,
				16EC62581A942E640016DA24 /* NSObject+MagicalDataImport.m */,
				16EC62591A942E640016DA24 /* NSRelationshipDescription+MagicalDataImport.h */,
				16EC625A1A942E640016DA24 /* NSRelationshipDescription+MagicalDataImport.m */,
				16EC625B1A942E640016DA24 /* NSString+MagicalDataImport.h */,
				16EC625C1A942E640016DA24 /* NSString+MagicalDataImport.m */,
			);
			path = DataImport;
			sourceTree = "<group>";
		};
		16EC625D1A942E640016DA24 /* NSManagedObject */ = {
			isa = PBXGroup;
			children = (
				16EC625E1A942E640016DA24 /* NSManagedObject+MagicalAggregation.h */,
				16EC625F1A942E640016DA24 /* NSManagedObject+MagicalAggregation.m */,
				16EC62601A942E640016DA24 /* NSManagedObject+MagicalDataImport.h */,
				16EC62611A942E640016DA24 /* NSManagedObject+MagicalDataImport.m */,
				16EC62621A942E640016DA24 /* NSManagedObject+MagicalFinders.h */,
				16EC62631A942E640016DA24 /* NSManagedObject+MagicalFinders.m */,
				16EC62641A942E640016DA24 /* NSManagedObject+MagicalRecord.h */,
				16EC62651A942E640016DA24 /* NSManagedObject+MagicalRecord.m */,
				16EC62661A942E640016DA24 /* NSManagedObject+MagicalRequests.h */,
				16EC62671A942E640016DA24 /* NSManagedObject+MagicalRequests.m */,
			);
			path = NSManagedObject;
			sourceTree = "<group>";
		};
		16EC62681A942E640016DA24 /* NSManagedObjectContext */ = {
			isa = PBXGroup;
			children = (
				16EC62691A942E640016DA24 /* NSManagedObjectContext+MagicalChainSave.h */,
				16EC626A1A942E640016DA24 /* NSManagedObjectContext+MagicalChainSave.m */,
				16EC626B1A942E640016DA24 /* NSManagedObjectContext+MagicalObserving.h */,
				16EC626C1A942E640016DA24 /* NSManagedObjectContext+MagicalObserving.m */,
				16EC626D1A942E640016DA24 /* NSManagedObjectContext+MagicalRecord.h */,
				16EC626E1A942E640016DA24 /* NSManagedObjectContext+MagicalRecord.m */,
				16EC626F1A942E640016DA24 /* NSManagedObjectContext+MagicalSaves.h */,
				16EC62701A942E640016DA24 /* NSManagedObjectContext+MagicalSaves.m */,
				16EC62711A942E640016DA24 /* NSManagedObjectContext+MagicalThreading.h */,
				16EC62721A942E640016DA24 /* NSManagedObjectContext+MagicalThreading.m */,
			);
			path = NSManagedObjectContext;
			sourceTree = "<group>";
		};
		16EC62791A942E640016DA24 /* Core */ = {
			isa = PBXGroup;
			children = (
				16EC627A1A942E640016DA24 /* MagicalRecord+Actions.h */,
				16EC627B1A942E640016DA24 /* MagicalRecord+Actions.m */,
				16EC627C1A942E640016DA24 /* MagicalRecord+ErrorHandling.h */,
				16EC627D1A942E640016DA24 /* MagicalRecord+ErrorHandling.m */,
				16EC627E1A942E640016DA24 /* MagicalRecord+iCloud.h */,
				16EC627F1A942E640016DA24 /* MagicalRecord+iCloud.m */,
				16EC62801A942E640016DA24 /* MagicalRecord+Options.h */,
				16EC62811A942E640016DA24 /* MagicalRecord+Options.m */,
				16EC62821A942E640016DA24 /* MagicalRecord+Setup.h */,
				16EC62831A942E640016DA24 /* MagicalRecord+Setup.m */,
				16EC62841A942E640016DA24 /* MagicalRecord+ShorthandSupport.h */,
				16EC62851A942E640016DA24 /* MagicalRecord+ShorthandSupport.m */,
				16EC62861A942E640016DA24 /* MagicalRecord.h */,
				16EC62871A942E640016DA24 /* MagicalRecord.m */,
				16EC62881A942E640016DA24 /* MagicalRecordDeprecated.h */,
				16EC62891A942E640016DA24 /* MagicalRecordLogging.h */,
				16EC628A1A942E640016DA24 /* MagicalRecordShorthand.h */,
			);
			path = Core;
			sourceTree = "<group>";
		};
		16EC62AC1A9433D60016DA24 /* DTO */ = {
			isa = PBXGroup;
			children = (
				16EC62AD1A9434080016DA24 /* AnswerInfo.h */,
				16EC62AE1A9434080016DA24 /* AnswerInfo.m */,
				16EC62BC1A943F080016DA24 /* QuestionInfo.h */,
				16EC62BD1A943F080016DA24 /* QuestionInfo.m */,
				166A99CD1A958BBA00283F66 /* ThemeInfo.h */,
				166A99CE1A958BBA00283F66 /* ThemeInfo.m */,
			);
			name = DTO;
			sourceTree = "<group>";
		};
		16EC62B41A9438340016DA24 /* Data Manager */ = {
			isa = PBXGroup;
			children = (
				16EC62B51A9438590016DA24 /* Question+DataManager.h */,
				16EC62B61A9438590016DA24 /* Question+DataManager.m */,
			);
			name = "Data Manager";
			sourceTree = "<group>";
		};
		16EC62B81A943EE10016DA24 /* Utilities */ = {
			isa = PBXGroup;
			children = (
				16EC62B91A943EF50016DA24 /* Question+Utility.h */,
				16EC62BA1A943EF50016DA24 /* Question+Utility.m */,
				16EC62BF1A94438C0016DA24 /* Answer+Utility.h */,
				16EC62C01A94438C0016DA24 /* Answer+Utility.m */,
			);
			name = Utilities;
			sourceTree = "<group>";
		};
		16EECE9D1A73800600CC90A4 /* Documents */ = {
			isa = PBXGroup;
			children = (
				16EECE9E1A73884600CC90A4 /* RoutingSequence.png */,
			);
			name = Documents;
			sourceTree = "<group>";
		};
/* End PBXGroup section */

/* Begin PBXNativeTarget section */
		162F28C219FDDD780043C638 /* DemoVIPER */ = {
			isa = PBXNativeTarget;
			buildConfigurationList = 162F28E619FDDD780043C638 /* Build configuration list for PBXNativeTarget "DemoVIPER" */;
			buildPhases = (
				162F28BF19FDDD780043C638 /* Sources */,
				162F28C019FDDD780043C638 /* Frameworks */,
				162F28C119FDDD780043C638 /* Resources */,
			);
			buildRules = (
			);
			dependencies = (
			);
			name = DemoVIPER;
			productName = DemoVIPER;
			productReference = 162F28C319FDDD780043C638 /* DemoVIPER.app */;
			productType = "com.apple.product-type.application";
		};
		162F28DB19FDDD780043C638 /* DemoVIPERTests */ = {
			isa = PBXNativeTarget;
			buildConfigurationList = 162F28E919FDDD780043C638 /* Build configuration list for PBXNativeTarget "DemoVIPERTests" */;
			buildPhases = (
				162F28D819FDDD780043C638 /* Sources */,
				162F28D919FDDD780043C638 /* Frameworks */,
				162F28DA19FDDD780043C638 /* Resources */,
			);
			buildRules = (
			);
			dependencies = (
				162F28DE19FDDD780043C638 /* PBXTargetDependency */,
			);
			name = DemoVIPERTests;
			productName = DemoVIPERTests;
			productReference = 162F28DC19FDDD780043C638 /* DemoVIPERTests.xctest */;
			productType = "com.apple.product-type.bundle.unit-test";
		};
/* End PBXNativeTarget section */

/* Begin PBXProject section */
		162F28BB19FDDD780043C638 /* Project object */ = {
			isa = PBXProject;
			attributes = {
				LastUpgradeCheck = 0600;
				ORGANIZATIONNAME = originate;
				TargetAttributes = {
					162F28C219FDDD780043C638 = {
						CreatedOnToolsVersion = 6.0.1;
					};
					162F28DB19FDDD780043C638 = {
						CreatedOnToolsVersion = 6.0.1;
						TestTargetID = 162F28C219FDDD780043C638;
					};
				};
			};
			buildConfigurationList = 162F28BE19FDDD780043C638 /* Build configuration list for PBXProject "DemoVIPER" */;
			compatibilityVersion = "Xcode 3.2";
			developmentRegion = English;
			hasScannedForEncodings = 0;
			knownRegions = (
				en,
				Base,
			);
			mainGroup = 162F28BA19FDDD780043C638;
			productRefGroup = 162F28C419FDDD780043C638 /* Products */;
			projectDirPath = "";
			projectRoot = "";
			targets = (
				162F28C219FDDD780043C638 /* DemoVIPER */,
				162F28DB19FDDD780043C638 /* DemoVIPERTests */,
			);
		};
/* End PBXProject section */

/* Begin PBXResourcesBuildPhase section */
		162F28C119FDDD780043C638 /* Resources */ = {
			isa = PBXResourcesBuildPhase;
			buildActionMask = 2147483647;
			files = (
				162F28D719FDDD780043C638 /* LaunchScreen.xib in Resources */,
				16E421DD1A92DACC00621970 /* Question.storyboard in Resources */,
				166A99D91A95986200283F66 /* ThemeChoiceCell.xib in Resources */,
				16E421E01A92DAD100621970 /* Setting.storyboard in Resources */,
				166A99DF1A95A24D00283F66 /* ThemeSettingCell.xib in Resources */,
				16E422161A92F2B100621970 /* MenuPanelView.xib in Resources */,
				16523A381A94B65A0056D6B2 /* QuestionDetailCell.xib in Resources */,
				162F28D419FDDD780043C638 /* Images.xcassets in Resources */,
				16EECE9F1A73884600CC90A4 /* RoutingSequence.png in Resources */,
			);
			runOnlyForDeploymentPostprocessing = 0;
		};
		162F28DA19FDDD780043C638 /* Resources */ = {
			isa = PBXResourcesBuildPhase;
			buildActionMask = 2147483647;
			files = (
			);
			runOnlyForDeploymentPostprocessing = 0;
		};
/* End PBXResourcesBuildPhase section */

/* Begin PBXSourcesBuildPhase section */
		162F28BF19FDDD780043C638 /* Sources */ = {
			isa = PBXSourcesBuildPhase;
			buildActionMask = 2147483647;
			files = (
				16EC629C1A942E640016DA24 /* NSManagedObjectContext+MagicalThreading.m in Sources */,
				16EC62B71A9438590016DA24 /* Question+DataManager.m in Sources */,
				16EC62431A942C850016DA24 /* Viper.xcdatamodeld in Sources */,
				16E421FD1A92DC3200621970 /* BasePresenter.m in Sources */,
				16E422191A92F90200621970 /* NavigationPresenter.m in Sources */,
				16E421E91A92DC0400621970 /* AssemblingFactory.m in Sources */,
				16523A321A94B35B0056D6B2 /* QuestionGroupPresenter.m in Sources */,
				16EC62C11A94438C0016DA24 /* Answer+Utility.m in Sources */,
				16EC629E1A942E640016DA24 /* NSPersistentStore+MagicalRecord.m in Sources */,
				16EC62901A942E640016DA24 /* NSObject+MagicalDataImport.m in Sources */,
				16EC62BB1A943EF50016DA24 /* Question+Utility.m in Sources */,
				16EECE9C1A737C5200CC90A4 /* README.md in Sources */,
				166A99D31A9590BC00283F66 /* ThemeGroupPresenter.m in Sources */,
				16EC62941A942E640016DA24 /* NSManagedObject+MagicalDataImport.m in Sources */,
				166A99CF1A958BBA00283F66 /* ThemeInfo.m in Sources */,
				16E422111A92DE8300621970 /* SettingViewController.m in Sources */,
				16EC62C41A9445550016DA24 /* NSArray+Utility.m in Sources */,
				16EC629F1A942E640016DA24 /* NSPersistentStoreCoordinator+MagicalRecord.m in Sources */,
				16EC62981A942E640016DA24 /* NSManagedObjectContext+MagicalChainSave.m in Sources */,
				16E422141A92F29300621970 /* MenuPanelView.m in Sources */,
				16EC624A1A942DEE0016DA24 /* Answer.m in Sources */,
				16EC62A31A942E640016DA24 /* MagicalRecord+Options.m in Sources */,
				16EC62AA1A9432F60016DA24 /* AskQuestionPanelPresenter.m in Sources */,
				162F28CC19FDDD780043C638 /* AppDelegate.m in Sources */,
				16EC62921A942E640016DA24 /* NSString+MagicalDataImport.m in Sources */,
				166A99DE1A95A24D00283F66 /* ThemeSettingCell.m in Sources */,
				16EC62931A942E640016DA24 /* NSManagedObject+MagicalAggregation.m in Sources */,
				162F28C919FDDD780043C638 /* main.m in Sources */,
				16EC629A1A942E640016DA24 /* NSManagedObjectContext+MagicalRecord.m in Sources */,
				16E421F21A92DC1400621970 /* BaseViewController.m in Sources */,
				16E422081A92DC6900621970 /* Config.m in Sources */,
				16EC62A51A942E640016DA24 /* MagicalRecord+ShorthandSupport.m in Sources */,
				16EC62A41A942E640016DA24 /* MagicalRecord+Setup.m in Sources */,
				16EC62971A942E640016DA24 /* NSManagedObject+MagicalRequests.m in Sources */,
				16EC628D1A942E640016DA24 /* NSAttributeDescription+MagicalDataImport.m in Sources */,
				16EC629D1A942E640016DA24 /* NSManagedObjectModel+MagicalRecord.m in Sources */,
				16E421EB1A92DC0400621970 /* Wireframe.m in Sources */,
				16EC62B31A9437B50016DA24 /* QuestionRobotInteractor.m in Sources */,
				16E4220E1A92DE7300621970 /* QuestionHistoryViewController.m in Sources */,
				16E4220B1A92DE5D00621970 /* AskQuestionViewController.m in Sources */,
				16EC62991A942E640016DA24 /* NSManagedObjectContext+MagicalObserving.m in Sources */,
				166A99D81A95986200283F66 /* ThemeChoiceCell.m in Sources */,
				16EC62A61A942E640016DA24 /* MagicalRecord.m in Sources */,
				16523A361A94B6460056D6B2 /* QuestionDetailCell.m in Sources */,
				16EC62951A942E640016DA24 /* NSManagedObject+MagicalFinders.m in Sources */,
				16EC628E1A942E640016DA24 /* NSEntityDescription+MagicalDataImport.m in Sources */,
				16EC62961A942E640016DA24 /* NSManagedObject+MagicalRecord.m in Sources */,
				16EC62AF1A9434080016DA24 /* AnswerInfo.m in Sources */,
				16EC62A01A942E640016DA24 /* MagicalRecord+Actions.m in Sources */,
				16E421EA1A92DC0400621970 /* PageMessenger.m in Sources */,
				16EC628C1A942E640016DA24 /* MagicalImportFunctions.m in Sources */,
				16EC629B1A942E640016DA24 /* NSManagedObjectContext+MagicalSaves.m in Sources */,
				16EC62BE1A943F080016DA24 /* QuestionInfo.m in Sources */,
				16E422051A92DC5500621970 /* NSString+Utility.m in Sources */,
				16EC62911A942E640016DA24 /* NSRelationshipDescription+MagicalDataImport.m in Sources */,
				166A99E21A95ABE200283F66 /* ConfigurationPresenter.m in Sources */,
				16EC62471A942DEE0016DA24 /* Question.m in Sources */,
				16EC628F1A942E640016DA24 /* NSNumber+MagicalDataImport.m in Sources */,
				16EC62A11A942E640016DA24 /* MagicalRecord+ErrorHandling.m in Sources */,
				16EC62A21A942E640016DA24 /* MagicalRecord+iCloud.m in Sources */,
			);
			runOnlyForDeploymentPostprocessing = 0;
		};
		162F28D819FDDD780043C638 /* Sources */ = {
			isa = PBXSourcesBuildPhase;
			buildActionMask = 2147483647;
			files = (
				166A99E81A95C44300283F66 /* AskQuestionViewControllerTests.m in Sources */,
				166A99F01A95DC5E00283F66 /* QuestionRobotInteractorTests.m in Sources */,
				166A99ED1A95D69500283F66 /* AskQuestionPanelPresenterTests.m in Sources */,
				166A99E51A95C05C00283F66 /* AssemblingFactoryTests.m in Sources */,
			);
			runOnlyForDeploymentPostprocessing = 0;
		};
/* End PBXSourcesBuildPhase section */

/* Begin PBXTargetDependency section */
		162F28DE19FDDD780043C638 /* PBXTargetDependency */ = {
			isa = PBXTargetDependency;
			target = 162F28C219FDDD780043C638 /* DemoVIPER */;
			targetProxy = 162F28DD19FDDD780043C638 /* PBXContainerItemProxy */;
		};
/* End PBXTargetDependency section */

/* Begin PBXVariantGroup section */
		162F28D519FDDD780043C638 /* LaunchScreen.xib */ = {
			isa = PBXVariantGroup;
			children = (
				162F28D619FDDD780043C638 /* Base */,
			);
			name = LaunchScreen.xib;
			sourceTree = "<group>";
		};
		16E421DF1A92DACC00621970 /* Question.storyboard */ = {
			isa = PBXVariantGroup;
			children = (
				16E421DE1A92DACC00621970 /* Base */,
			);
			name = Question.storyboard;
			sourceTree = "<group>";
		};
		16E421E21A92DAD100621970 /* Setting.storyboard */ = {
			isa = PBXVariantGroup;
			children = (
				16E421E11A92DAD100621970 /* Base */,
			);
			name = Setting.storyboard;
			sourceTree = "<group>";
		};
/* End PBXVariantGroup section */

/* Begin XCBuildConfiguration section */
		162F28E419FDDD780043C638 /* Debug */ = {
			isa = XCBuildConfiguration;
			buildSettings = {
				ALWAYS_SEARCH_USER_PATHS = NO;
				CLANG_CXX_LANGUAGE_STANDARD = "gnu++0x";
				CLANG_CXX_LIBRARY = "libc++";
				CLANG_ENABLE_MODULES = YES;
				CLANG_ENABLE_OBJC_ARC = YES;
				CLANG_WARN_BOOL_CONVERSION = YES;
				CLANG_WARN_CONSTANT_CONVERSION = YES;
				CLANG_WARN_DIRECT_OBJC_ISA_USAGE = YES_ERROR;
				CLANG_WARN_EMPTY_BODY = YES;
				CLANG_WARN_ENUM_CONVERSION = YES;
				CLANG_WARN_INT_CONVERSION = YES;
				CLANG_WARN_OBJC_ROOT_CLASS = YES_ERROR;
				CLANG_WARN_UNREACHABLE_CODE = YES;
				CLANG_WARN__DUPLICATE_METHOD_MATCH = YES;
				"CODE_SIGN_IDENTITY[sdk=iphoneos*]" = "iPhone Developer";
				COPY_PHASE_STRIP = NO;
				ENABLE_STRICT_OBJC_MSGSEND = YES;
				GCC_C_LANGUAGE_STANDARD = gnu99;
				GCC_DYNAMIC_NO_PIC = NO;
				GCC_OPTIMIZATION_LEVEL = 0;
				GCC_PREPROCESSOR_DEFINITIONS = (
					"DEBUG=1",
					"$(inherited)",
				);
				GCC_SYMBOLS_PRIVATE_EXTERN = NO;
				GCC_WARN_64_TO_32_BIT_CONVERSION = YES;
				GCC_WARN_ABOUT_RETURN_TYPE = YES_ERROR;
				GCC_WARN_UNDECLARED_SELECTOR = YES;
				GCC_WARN_UNINITIALIZED_AUTOS = YES_AGGRESSIVE;
				GCC_WARN_UNUSED_FUNCTION = YES;
				GCC_WARN_UNUSED_VARIABLE = YES;
				IPHONEOS_DEPLOYMENT_TARGET = 8.0;
				MTL_ENABLE_DEBUG_INFO = YES;
				ONLY_ACTIVE_ARCH = YES;
				SDKROOT = iphoneos;
			};
			name = Debug;
		};
		162F28E519FDDD780043C638 /* Release */ = {
			isa = XCBuildConfiguration;
			buildSettings = {
				ALWAYS_SEARCH_USER_PATHS = NO;
				CLANG_CXX_LANGUAGE_STANDARD = "gnu++0x";
				CLANG_CXX_LIBRARY = "libc++";
				CLANG_ENABLE_MODULES = YES;
				CLANG_ENABLE_OBJC_ARC = YES;
				CLANG_WARN_BOOL_CONVERSION = YES;
				CLANG_WARN_CONSTANT_CONVERSION = YES;
				CLANG_WARN_DIRECT_OBJC_ISA_USAGE = YES_ERROR;
				CLANG_WARN_EMPTY_BODY = YES;
				CLANG_WARN_ENUM_CONVERSION = YES;
				CLANG_WARN_INT_CONVERSION = YES;
				CLANG_WARN_OBJC_ROOT_CLASS = YES_ERROR;
				CLANG_WARN_UNREACHABLE_CODE = YES;
				CLANG_WARN__DUPLICATE_METHOD_MATCH = YES;
				"CODE_SIGN_IDENTITY[sdk=iphoneos*]" = "iPhone Developer";
				COPY_PHASE_STRIP = YES;
				ENABLE_NS_ASSERTIONS = NO;
				ENABLE_STRICT_OBJC_MSGSEND = YES;
				GCC_C_LANGUAGE_STANDARD = gnu99;
				GCC_WARN_64_TO_32_BIT_CONVERSION = YES;
				GCC_WARN_ABOUT_RETURN_TYPE = YES_ERROR;
				GCC_WARN_UNDECLARED_SELECTOR = YES;
				GCC_WARN_UNINITIALIZED_AUTOS = YES_AGGRESSIVE;
				GCC_WARN_UNUSED_FUNCTION = YES;
				GCC_WARN_UNUSED_VARIABLE = YES;
				IPHONEOS_DEPLOYMENT_TARGET = 8.0;
				MTL_ENABLE_DEBUG_INFO = NO;
				SDKROOT = iphoneos;
				VALIDATE_PRODUCT = YES;
			};
			name = Release;
		};
		162F28E719FDDD780043C638 /* Debug */ = {
			isa = XCBuildConfiguration;
			buildSettings = {
				ASSETCATALOG_COMPILER_APPICON_NAME = AppIcon;
				INFOPLIST_FILE = DemoVIPER/Info.plist;
				LD_RUNPATH_SEARCH_PATHS = "$(inherited) @executable_path/Frameworks";
				PRODUCT_NAME = "$(TARGET_NAME)";
			};
			name = Debug;
		};
		162F28E819FDDD780043C638 /* Release */ = {
			isa = XCBuildConfiguration;
			buildSettings = {
				ASSETCATALOG_COMPILER_APPICON_NAME = AppIcon;
				INFOPLIST_FILE = DemoVIPER/Info.plist;
				LD_RUNPATH_SEARCH_PATHS = "$(inherited) @executable_path/Frameworks";
				PRODUCT_NAME = "$(TARGET_NAME)";
			};
			name = Release;
		};
		162F28EA19FDDD780043C638 /* Debug */ = {
			isa = XCBuildConfiguration;
			buildSettings = {
				BUNDLE_LOADER = "$(TEST_HOST)";
				FRAMEWORK_SEARCH_PATHS = (
					"$(SDKROOT)/Developer/Library/Frameworks",
					"$(inherited)",
				);
				GCC_PREPROCESSOR_DEFINITIONS = (
					"DEBUG=1",
					"$(inherited)",
				);
				HEADER_SEARCH_PATHS = (
					"$(inherited)",
					/Applications/Xcode.app/Contents/Developer/Toolchains/XcodeDefault.xctoolchain/usr/include,
					"$(PROJECT_DIR)/OCMock/include",
				);
				INFOPLIST_FILE = DemoVIPERTests/Info.plist;
				LD_RUNPATH_SEARCH_PATHS = "$(inherited) @executable_path/Frameworks @loader_path/Frameworks";
				LIBRARY_SEARCH_PATHS = (
					"$(inherited)",
					"$(PROJECT_DIR)/OCMock/lib",
				);
				OTHER_LDFLAGS = (
					"$(inherited)",
					"-framework",
					XCTest,
					"-ObjC",
				);
				PRODUCT_NAME = "$(TARGET_NAME)";
				TEST_HOST = "$(BUILT_PRODUCTS_DIR)/DemoVIPER.app/DemoVIPER";
			};
			name = Debug;
		};
		162F28EB19FDDD780043C638 /* Release */ = {
			isa = XCBuildConfiguration;
			buildSettings = {
				BUNDLE_LOADER = "$(TEST_HOST)";
				FRAMEWORK_SEARCH_PATHS = (
					"$(SDKROOT)/Developer/Library/Frameworks",
					"$(inherited)",
				);
				HEADER_SEARCH_PATHS = (
					"$(inherited)",
					/Applications/Xcode.app/Contents/Developer/Toolchains/XcodeDefault.xctoolchain/usr/include,
					"$(PROJECT_DIR)/OCMock/include",
				);
				INFOPLIST_FILE = DemoVIPERTests/Info.plist;
				LD_RUNPATH_SEARCH_PATHS = "$(inherited) @executable_path/Frameworks @loader_path/Frameworks";
				LIBRARY_SEARCH_PATHS = (
					"$(inherited)",
					"$(PROJECT_DIR)/OCMock/lib",
				);
				OTHER_LDFLAGS = (
					"$(inherited)",
					"-framework",
					XCTest,
					"-ObjC",
				);
				PRODUCT_NAME = "$(TARGET_NAME)";
				TEST_HOST = "$(BUILT_PRODUCTS_DIR)/DemoVIPER.app/DemoVIPER";
			};
			name = Release;
		};
/* End XCBuildConfiguration section */

/* Begin XCConfigurationList section */
		162F28BE19FDDD780043C638 /* Build configuration list for PBXProject "DemoVIPER" */ = {
			isa = XCConfigurationList;
			buildConfigurations = (
				162F28E419FDDD780043C638 /* Debug */,
				162F28E519FDDD780043C638 /* Release */,
			);
			defaultConfigurationIsVisible = 0;
			defaultConfigurationName = Release;
		};
		162F28E619FDDD780043C638 /* Build configuration list for PBXNativeTarget "DemoVIPER" */ = {
			isa = XCConfigurationList;
			buildConfigurations = (
				162F28E719FDDD780043C638 /* Debug */,
				162F28E819FDDD780043C638 /* Release */,
			);
			defaultConfigurationIsVisible = 0;
			defaultConfigurationName = Release;
		};
		162F28E919FDDD780043C638 /* Build configuration list for PBXNativeTarget "DemoVIPERTests" */ = {
			isa = XCConfigurationList;
			buildConfigurations = (
				162F28EA19FDDD780043C638 /* Debug */,
				162F28EB19FDDD780043C638 /* Release */,
			);
			defaultConfigurationIsVisible = 0;
			defaultConfigurationName = Release;
		};
/* End XCConfigurationList section */

/* Begin XCVersionGroup section */
		16EC62411A942C850016DA24 /* Viper.xcdatamodeld */ = {
			isa = XCVersionGroup;
			children = (
				16EC62421A942C850016DA24 /* Viper.xcdatamodel */,
			);
			currentVersion = 16EC62421A942C850016DA24 /* Viper.xcdatamodel */;
			path = Viper.xcdatamodeld;
			sourceTree = "<group>";
			versionGroupType = wrapper.xcdatamodel;
		};
/* End XCVersionGroup section */
	};
	rootObject = 162F28BB19FDDD780043C638 /* Project object */;
}
